
Microsoft Visual Studio Solution File, Format Version 12.00
# Visual Studio Version 16
VisualStudioVersion = 16.0.30907.101
MinimumVisualStudioVersion = 10.0.40219.1
Project("{9A19103F-16F7-4668-BE54-9A1E7A4F7556}") = "Selenium.Docker.Certificate", "Selenium.Docker.Certificate\Selenium.Docker.Certificate.csproj", "{50E0EB98-2053-4A84-A689-53796FACC61D}"
EndProject
Project("{FAE04EC0-301F-11D3-BF4B-00C04F79EFBC}") = "Selenium.Docker.Certificate.Tests", "Selenium.Docker.Certificate.Tests\Selenium.Docker.Certificate.Tests.csproj", "{930B6743-EC39-40BB-946A-B03340DDAEF8}"
EndProject
Global
	GlobalSection(SolutionConfigurationPlatforms) = preSolution
		Debug|Any CPU = Debug|Any CPU
		Release|Any CPU = Release|Any CPU
	EndGlobalSection
	GlobalSection(ProjectConfigurationPlatforms) = postSolution
		{50E0EB98-2053-4A84-A689-53796FACC61D}.Debug|Any CPU.ActiveCfg = Debug|Any CPU
		{50E0EB98-2053-4A84-A689-53796FACC61D}.Debug|Any CPU.Build.0 = Debug|Any CPU
		{50E0EB98-2053-4A84-A689-53796FACC61D}.Release|Any CPU.ActiveCfg = Release|Any CPU
		{50E0EB98-2053-4A84-A689-53796FACC61D}.Release|Any CPU.Build.0 = Release|Any CPU
		{930B6743-EC39-40BB-946A-B03340DDAEF8}.Debug|Any CPU.ActiveCfg = Debug|Any CPU
		{930B6743-EC39-40BB-946A-B03340DDAEF8}.Debug|Any CPU.Build.0 = Debug|Any CPU
		{930B6743-EC39-40BB-946A-B03340DDAEF8}.Release|Any CPU.ActiveCfg = Release|Any CPU
		{930B6743-EC39-40BB-946A-B03340DDAEF8}.Release|Any CPU.Build.0 = Release|Any CPU
	EndGlobalSection
	GlobalSection(SolutionProperties) = preSolution
		HideSolutionNode = FALSE
	EndGlobalSection
	GlobalSection(ExtensibilityGlobals) = postSolution
		SolutionGuid = {55581826-415F-4D8A-8498-343EECE7B5FF}
	EndGlobalSection
EndGlobal
